
Microsoft Visual Studio Solution File, Format Version 12.00
# Visual Studio 15
VisualStudioVersion = 15.0.28307.168
MinimumVisualStudioVersion = 10.0.40219.1
Project("{9A19103F-16F7-4668-BE54-9A1E7A4F7556}") = "Week7", "Week7\Week7.csproj", "{508FA41B-B0C0-4B61-A425-55938036D4BE}"
EndProject
Project("{9A19103F-16F7-4668-BE54-9A1E7A4F7556}") = "Thread", "Thread\Thread.csproj", "{226B14BA-E350-4F5F-BDCF-D099D3A53B40}"
EndProject
Project("{9A19103F-16F7-4668-BE54-9A1E7A4F7556}") = "Yeap", "Yeap\Yeap.csproj", "{3B948496-1800-426B-829A-E80C5449B000}"
EndProject
Project("{9A19103F-16F7-4668-BE54-9A1E7A4F7556}") = "Timer", "Timer\Timer.csproj", "{4A697F3C-0DDE-43AD-A04D-47807BC478E1}"
EndProject
Project("{9A19103F-16F7-4668-BE54-9A1E7A4F7556}") = "car", "car\car.csproj", "{2C49DA5A-54CF-483E-877B-A84587A287A4}"
EndProject
Project("{9A19103F-16F7-4668-BE54-9A1E7A4F7556}") = "Cvetophor", "Cvetophor\Cvetophor.csproj", "{AE505FFE-DCCC-49B3-A854-8383225E9C0F}"
EndProject
Project("{FAE04EC0-301F-11D3-BF4B-00C04F79EFBC}") = "Traffic", "Traffic\Traffic.csproj", "{91253182-2112-4ED4-A29A-2B454B9A13EC}"
EndProject
Project("{FAE04EC0-301F-11D3-BF4B-00C04F79EFBC}") = "Square", "Square\Square.csproj", "{500121A8-E44C-4157-A955-FBAE70477C4C}"
EndProject
Project("{FAE04EC0-301F-11D3-BF4B-00C04F79EFBC}") = "SD", "SD\SD.csproj", "{824456A0-4F50-4A3E-9E25-A9BC8286559B}"
EndProject
Project("{FAE04EC0-301F-11D3-BF4B-00C04F79EFBC}") = "DD", "DD\DD.csproj", "{E34D1BB9-26B6-4DDD-8454-52A37EAC37D3}"
EndProject
Project("{FAE04EC0-301F-11D3-BF4B-00C04F79EFBC}") = "example1", "example1\example1.csproj", "{7609C7CB-95E4-4D73-9C24-D1D72A1585D1}"
EndProject
Project("{FAE04EC0-301F-11D3-BF4B-00C04F79EFBC}") = "Achieved", "Achieved\Achieved.csproj", "{EE4001A6-7820-4AA8-8506-4EAF4CF0589B}"
EndProject
Project("{FAE04EC0-301F-11D3-BF4B-00C04F79EFBC}") = "Behappy", "Behappy\Behappy.csproj", "{2BC1E5BA-5B60-4B1A-8531-964ADE22B049}"
EndProject
Global
	GlobalSection(SolutionConfigurationPlatforms) = preSolution
		Debug|Any CPU = Debug|Any CPU
		Release|Any CPU = Release|Any CPU
	EndGlobalSection
	GlobalSection(ProjectConfigurationPlatforms) = postSolution
		{508FA41B-B0C0-4B61-A425-55938036D4BE}.Debug|Any CPU.ActiveCfg = Debug|Any CPU
		{508FA41B-B0C0-4B61-A425-55938036D4BE}.Debug|Any CPU.Build.0 = Debug|Any CPU
		{508FA41B-B0C0-4B61-A425-55938036D4BE}.Release|Any CPU.ActiveCfg = Release|Any CPU
		{508FA41B-B0C0-4B61-A425-55938036D4BE}.Release|Any CPU.Build.0 = Release|Any CPU
		{226B14BA-E350-4F5F-BDCF-D099D3A53B40}.Debug|Any CPU.ActiveCfg = Debug|Any CPU
		{226B14BA-E350-4F5F-BDCF-D099D3A53B40}.Debug|Any CPU.Build.0 = Debug|Any CPU
		{226B14BA-E350-4F5F-BDCF-D099D3A53B40}.Release|Any CPU.ActiveCfg = Release|Any CPU
		{226B14BA-E350-4F5F-BDCF-D099D3A53B40}.Release|Any CPU.Build.0 = Release|Any CPU
		{3B948496-1800-426B-829A-E80C5449B000}.Debug|Any CPU.ActiveCfg = Debug|Any CPU
		{3B948496-1800-426B-829A-E80C5449B000}.Debug|Any CPU.Build.0 = Debug|Any CPU
		{3B948496-1800-426B-829A-E80C5449B000}.Release|Any CPU.ActiveCfg = Release|Any CPU
		{3B948496-1800-426B-829A-E80C5449B000}.Release|Any CPU.Build.0 = Release|Any CPU
		{4A697F3C-0DDE-43AD-A04D-47807BC478E1}.Debug|Any CPU.ActiveCfg = Debug|Any CPU
		{4A697F3C-0DDE-43AD-A04D-47807BC478E1}.Debug|Any CPU.Build.0 = Debug|Any CPU
		{4A697F3C-0DDE-43AD-A04D-47807BC478E1}.Release|Any CPU.ActiveCfg = Release|Any CPU
		{4A697F3C-0DDE-43AD-A04D-47807BC478E1}.Release|Any CPU.Build.0 = Release|Any CPU
		{2C49DA5A-54CF-483E-877B-A84587A287A4}.Debug|Any CPU.ActiveCfg = Debug|Any CPU
		{2C49DA5A-54CF-483E-877B-A84587A287A4}.Debug|Any CPU.Build.0 = Debug|Any CPU
		{2C49DA5A-54CF-483E-877B-A84587A287A4}.Release|Any CPU.ActiveCfg = Release|Any CPU
		{2C49DA5A-54CF-483E-877B-A84587A287A4}.Release|Any CPU.Build.0 = Release|Any CPU
		{AE505FFE-DCCC-49B3-A854-8383225E9C0F}.Debug|Any CPU.ActiveCfg = Debug|Any CPU
		{AE505FFE-DCCC-49B3-A854-8383225E9C0F}.Debug|Any CPU.Build.0 = Debug|Any CPU
		{AE505FFE-DCCC-49B3-A854-8383225E9C0F}.Release|Any CPU.ActiveCfg = Release|Any CPU
		{AE505FFE-DCCC-49B3-A854-8383225E9C0F}.Release|Any CPU.Build.0 = Release|Any CPU
		{91253182-2112-4ED4-A29A-2B454B9A13EC}.Debug|Any CPU.ActiveCfg = Debug|Any CPU
		{91253182-2112-4ED4-A29A-2B454B9A13EC}.Debug|Any CPU.Build.0 = Debug|Any CPU
		{91253182-2112-4ED4-A29A-2B454B9A13EC}.Release|Any CPU.ActiveCfg = Release|Any CPU
		{91253182-2112-4ED4-A29A-2B454B9A13EC}.Release|Any CPU.Build.0 = Release|Any CPU
		{500121A8-E44C-4157-A955-FBAE70477C4C}.Debug|Any CPU.ActiveCfg = Debug|Any CPU
		{500121A8-E44C-4157-A955-FBAE70477C4C}.Debug|Any CPU.Build.0 = Debug|Any CPU
		{500121A8-E44C-4157-A955-FBAE70477C4C}.Release|Any CPU.ActiveCfg = Release|Any CPU
		{500121A8-E44C-4157-A955-FBAE70477C4C}.Release|Any CPU.Build.0 = Release|Any CPU
		{824456A0-4F50-4A3E-9E25-A9BC8286559B}.Debug|Any CPU.ActiveCfg = Debug|Any CPU
		{824456A0-4F50-4A3E-9E25-A9BC8286559B}.Debug|Any CPU.Build.0 = Debug|Any CPU
		{824456A0-4F50-4A3E-9E25-A9BC8286559B}.Release|Any CPU.ActiveCfg = Release|Any CPU
		{824456A0-4F50-4A3E-9E25-A9BC8286559B}.Release|Any CPU.Build.0 = Release|Any CPU
		{E34D1BB9-26B6-4DDD-8454-52A37EAC37D3}.Debug|Any CPU.ActiveCfg = Debug|Any CPU
		{E34D1BB9-26B6-4DDD-8454-52A37EAC37D3}.Debug|Any CPU.Build.0 = Debug|Any CPU
		{E34D1BB9-26B6-4DDD-8454-52A37EAC37D3}.Release|Any CPU.ActiveCfg = Release|Any CPU
		{E34D1BB9-26B6-4DDD-8454-52A37EAC37D3}.Release|Any CPU.Build.0 = Release|Any CPU
		{7609C7CB-95E4-4D73-9C24-D1D72A1585D1}.Debug|Any CPU.ActiveCfg = Debug|Any CPU
		{7609C7CB-95E4-4D73-9C24-D1D72A1585D1}.Debug|Any CPU.Build.0 = Debug|Any CPU
		{7609C7CB-95E4-4D73-9C24-D1D72A1585D1}.Release|Any CPU.ActiveCfg = Release|Any CPU
		{7609C7CB-95E4-4D73-9C24-D1D72A1585D1}.Release|Any CPU.Build.0 = Release|Any CPU
		{EE4001A6-7820-4AA8-8506-4EAF4CF0589B}.Debug|Any CPU.ActiveCfg = Debug|Any CPU
		{EE4001A6-7820-4AA8-8506-4EAF4CF0589B}.Debug|Any CPU.Build.0 = Debug|Any CPU
		{EE4001A6-7820-4AA8-8506-4EAF4CF0589B}.Release|Any CPU.ActiveCfg = Release|Any CPU
		{EE4001A6-7820-4AA8-8506-4EAF4CF0589B}.Release|Any CPU.Build.0 = Release|Any CPU
		{2BC1E5BA-5B60-4B1A-8531-964ADE22B049}.Debug|Any CPU.ActiveCfg = Debug|Any CPU
		{2BC1E5BA-5B60-4B1A-8531-964ADE22B049}.Debug|Any CPU.Build.0 = Debug|Any CPU
		{2BC1E5BA-5B60-4B1A-8531-964ADE22B049}.Release|Any CPU.ActiveCfg = Release|Any CPU
		{2BC1E5BA-5B60-4B1A-8531-964ADE22B049}.Release|Any CPU.Build.0 = Release|Any CPU
	EndGlobalSection
	GlobalSection(SolutionProperties) = preSolution
		HideSolutionNode = FALSE
	EndGlobalSection
	GlobalSection(ExtensibilityGlobals) = postSolution
		SolutionGuid = {6E4922EA-093C-421C-AD2B-70525F5BD241}
	EndGlobalSection
EndGlobal
