
Microsoft Visual Studio Solution File, Format Version 12.00
# Visual Studio 15
VisualStudioVersion = 15.0.28307.168
MinimumVisualStudioVersion = 10.0.40219.1
Project("{FAE04EC0-301F-11D3-BF4B-00C04F79EFBC}") = "Snake", "Snake\Snake.csproj", "{79477BFA-E957-414D-8CCE-88B445096CEE}"
EndProject
Global
	GlobalSection(SolutionConfigurationPlatforms) = preSolution
		Debug|Any CPU = Debug|Any CPU
		Release|Any CPU = Release|Any CPU
	EndGlobalSection
	GlobalSection(ProjectConfigurationPlatforms) = postSolution
		{79477BFA-E957-414D-8CCE-88B445096CEE}.Debug|Any CPU.ActiveCfg = Debug|Any CPU
		{79477BFA-E957-414D-8CCE-88B445096CEE}.Debug|Any CPU.Build.0 = Debug|Any CPU
		{79477BFA-E957-414D-8CCE-88B445096CEE}.Release|Any CPU.ActiveCfg = Release|Any CPU
		{79477BFA-E957-414D-8CCE-88B445096CEE}.Release|Any CPU.Build.0 = Release|Any CPU
	EndGlobalSection
	GlobalSection(SolutionProperties) = preSolution
		HideSolutionNode = FALSE
	EndGlobalSection
	GlobalSection(ExtensibilityGlobals) = postSolution
		SolutionGuid = {82B31735-E548-4060-A12D-B9158935A10F}
	EndGlobalSection
EndGlobal
