
Microsoft Visual Studio Solution File, Format Version 12.00
# Visual Studio 15
VisualStudioVersion = 15.0.28307.168
MinimumVisualStudioVersion = 10.0.40219.1
Project("{9A19103F-16F7-4668-BE54-9A1E7A4F7556}") = "Week6", "Week6\Week6.csproj", "{7F732CA0-82EB-473E-98EB-DDC4083F757D}"
EndProject
Global
	GlobalSection(SolutionConfigurationPlatforms) = preSolution
		Debug|Any CPU = Debug|Any CPU
		Release|Any CPU = Release|Any CPU
	EndGlobalSection
	GlobalSection(ProjectConfigurationPlatforms) = postSolution
		{7F732CA0-82EB-473E-98EB-DDC4083F757D}.Debug|Any CPU.ActiveCfg = Debug|Any CPU
		{7F732CA0-82EB-473E-98EB-DDC4083F757D}.Debug|Any CPU.Build.0 = Debug|Any CPU
		{7F732CA0-82EB-473E-98EB-DDC4083F757D}.Release|Any CPU.ActiveCfg = Release|Any CPU
		{7F732CA0-82EB-473E-98EB-DDC4083F757D}.Release|Any CPU.Build.0 = Release|Any CPU
	EndGlobalSection
	GlobalSection(SolutionProperties) = preSolution
		HideSolutionNode = FALSE
	EndGlobalSection
	GlobalSection(ExtensibilityGlobals) = postSolution
		SolutionGuid = {840F3C11-59FC-47BD-A8D3-F4C0A88BEA9A}
	EndGlobalSection
EndGlobal
